// !$*UTF8*$!
{
	archiveVersion = 1;
	classes = {
	};
	objectVersion = 56;
	objects = {

/* Begin PBXBuildFile section */
		684E1C9E28EEC20000A387F4 /* AlertBootcamp.swift in Sources */ = {isa = PBXBuildFile; fileRef = 684E1C9D28EEC20000A387F4 /* AlertBootcamp.swift */; };
		684E1CA028EFB79C00A387F4 /* ConfirmationDialog.swift in Sources */ = {isa = PBXBuildFile; fileRef = 684E1C9F28EFB79C00A387F4 /* ConfirmationDialog.swift */; };
		6853D62C28EB1422002D9631 /* SwiftUIBootcampApp.swift in Sources */ = {isa = PBXBuildFile; fileRef = 6853D62B28EB1422002D9631 /* SwiftUIBootcampApp.swift */; };
		6853D62E28EB1422002D9631 /* ContentView.swift in Sources */ = {isa = PBXBuildFile; fileRef = 6853D62D28EB1422002D9631 /* ContentView.swift */; };
		6853D63028EB1423002D9631 /* Assets.xcassets in Resources */ = {isa = PBXBuildFile; fileRef = 6853D62F28EB1423002D9631 /* Assets.xcassets */; };
		6853D63328EB1423002D9631 /* Preview Assets.xcassets in Resources */ = {isa = PBXBuildFile; fileRef = 6853D63228EB1423002D9631 /* Preview Assets.xcassets */; };
		6853D63A28EB17A3002D9631 /* TextBootcamp.swift in Sources */ = {isa = PBXBuildFile; fileRef = 6853D63928EB17A3002D9631 /* TextBootcamp.swift */; };
		6853D63C28EB1CE5002D9631 /* ShapesBootcamp.swift in Sources */ = {isa = PBXBuildFile; fileRef = 6853D63B28EB1CE5002D9631 /* ShapesBootcamp.swift */; };
		6853D63E28EBDB3C002D9631 /* ColorsBootcamp.swift in Sources */ = {isa = PBXBuildFile; fileRef = 6853D63D28EBDB3C002D9631 /* ColorsBootcamp.swift */; };
		6853D64028EBE1FD002D9631 /* GradientsBootcamp.swift in Sources */ = {isa = PBXBuildFile; fileRef = 6853D63F28EBE1FD002D9631 /* GradientsBootcamp.swift */; };
		6853D64228EBFB2C002D9631 /* IconsBootcamp.swift in Sources */ = {isa = PBXBuildFile; fileRef = 6853D64128EBFB2C002D9631 /* IconsBootcamp.swift */; };
		6853D64428EBFF4C002D9631 /* ImageBootcamp.swift in Sources */ = {isa = PBXBuildFile; fileRef = 6853D64328EBFF4C002D9631 /* ImageBootcamp.swift */; };
		6853D64628EC02E8002D9631 /* FrameBootcamp.swift in Sources */ = {isa = PBXBuildFile; fileRef = 6853D64528EC02E8002D9631 /* FrameBootcamp.swift */; };
		6853D64828EC12D6002D9631 /* BackgroundAndOverlayBootcamp.swift in Sources */ = {isa = PBXBuildFile; fileRef = 6853D64728EC12D6002D9631 /* BackgroundAndOverlayBootcamp.swift */; };
		6853D64A28EC2AD0002D9631 /* StacksBootcamp.swift in Sources */ = {isa = PBXBuildFile; fileRef = 6853D64928EC2AD0002D9631 /* StacksBootcamp.swift */; };
		6853D64C28EC4A59002D9631 /* PaddingBootcamp.swift in Sources */ = {isa = PBXBuildFile; fileRef = 6853D64B28EC4A59002D9631 /* PaddingBootcamp.swift */; };
		6853D64E28EC4F80002D9631 /* SpacerBootcamp.swift in Sources */ = {isa = PBXBuildFile; fileRef = 6853D64D28EC4F80002D9631 /* SpacerBootcamp.swift */; };
		6853D65028ED063C002D9631 /* InitializerBootcamp.swift in Sources */ = {isa = PBXBuildFile; fileRef = 6853D64F28ED063C002D9631 /* InitializerBootcamp.swift */; };
		6853D65228ED0D1C002D9631 /* ForEachBootcamp.swift in Sources */ = {isa = PBXBuildFile; fileRef = 6853D65128ED0D1C002D9631 /* ForEachBootcamp.swift */; };
		6853D65428ED133D002D9631 /* ScrollViewBootcamp.swift in Sources */ = {isa = PBXBuildFile; fileRef = 6853D65328ED133D002D9631 /* ScrollViewBootcamp.swift */; };
		6853D65628ED16E0002D9631 /* GridBootcamp.swift in Sources */ = {isa = PBXBuildFile; fileRef = 6853D65528ED16E0002D9631 /* GridBootcamp.swift */; };
		6853D65828ED22F1002D9631 /* SafeAreaBootcamp.swift in Sources */ = {isa = PBXBuildFile; fileRef = 6853D65728ED22F1002D9631 /* SafeAreaBootcamp.swift */; };
		6853D65A28ED2B5B002D9631 /* ButtonsBootcamp.swift in Sources */ = {isa = PBXBuildFile; fileRef = 6853D65928ED2B5B002D9631 /* ButtonsBootcamp.swift */; };
		68B1904328ED4B9C00FF726E /* StateBootcamp.swift in Sources */ = {isa = PBXBuildFile; fileRef = 68B1904228ED4B9C00FF726E /* StateBootcamp.swift */; };
		68B1904528ED4E9B00FF726E /* ExtractedFunctionBootcamp.swift in Sources */ = {isa = PBXBuildFile; fileRef = 68B1904428ED4E9B00FF726E /* ExtractedFunctionBootcamp.swift */; };
		68B1904728ED56B400FF726E /* ExtractSubviewBootcamp.swift in Sources */ = {isa = PBXBuildFile; fileRef = 68B1904628ED56B400FF726E /* ExtractSubviewBootcamp.swift */; };
		68B1904928ED5C5000FF726E /* BindingBootcamp.swift in Sources */ = {isa = PBXBuildFile; fileRef = 68B1904828ED5C5000FF726E /* BindingBootcamp.swift */; };
		68B1904B28ED69AC00FF726E /* ConditionalBootcamp.swift in Sources */ = {isa = PBXBuildFile; fileRef = 68B1904A28ED69AC00FF726E /* ConditionalBootcamp.swift */; };
		68B1904D28ED756A00FF726E /* TernaryBootcamp.swift in Sources */ = {isa = PBXBuildFile; fileRef = 68B1904C28ED756A00FF726E /* TernaryBootcamp.swift */; };
		68B1904F28EDB73700FF726E /* AnimationBootcamp.swift in Sources */ = {isa = PBXBuildFile; fileRef = 68B1904E28EDB73700FF726E /* AnimationBootcamp.swift */; };
		68B1905128EE504200FF726E /* AnimationTimingBootcamp.swift in Sources */ = {isa = PBXBuildFile; fileRef = 68B1905028EE504200FF726E /* AnimationTimingBootcamp.swift */; };
		68B1905328EE600D00FF726E /* TransitionBootcamp.swift in Sources */ = {isa = PBXBuildFile; fileRef = 68B1905228EE600D00FF726E /* TransitionBootcamp.swift */; };
		68B1905528EE658000FF726E /* SheetsBootcamp.swift in Sources */ = {isa = PBXBuildFile; fileRef = 68B1905428EE658000FF726E /* SheetsBootcamp.swift */; };
		68B1905728EE6DD800FF726E /* PopoverBootcamp.swift in Sources */ = {isa = PBXBuildFile; fileRef = 68B1905628EE6DD800FF726E /* PopoverBootcamp.swift */; };
		68B1905928EE909100FF726E /* NavigationViewBootcamp.swift in Sources */ = {isa = PBXBuildFile; fileRef = 68B1905828EE909100FF726E /* NavigationViewBootcamp.swift */; };
		68B1905B28EEA10700FF726E /* ListBootcamp.swift in Sources */ = {isa = PBXBuildFile; fileRef = 68B1905A28EEA10700FF726E /* ListBootcamp.swift */; };
/* End PBXBuildFile section */

/* Begin PBXFileReference section */
		684E1C9D28EEC20000A387F4 /* AlertBootcamp.swift */ = {isa = PBXFileReference; lastKnownFileType = sourcecode.swift; path = AlertBootcamp.swift; sourceTree = "<group>"; };
		684E1C9F28EFB79C00A387F4 /* ConfirmationDialog.swift */ = {isa = PBXFileReference; lastKnownFileType = sourcecode.swift; path = ConfirmationDialog.swift; sourceTree = "<group>"; };
		6853D62828EB1422002D9631 /* SwiftUIBootcamp.app */ = {isa = PBXFileReference; explicitFileType = wrapper.application; includeInIndex = 0; path = SwiftUIBootcamp.app; sourceTree = BUILT_PRODUCTS_DIR; };
		6853D62B28EB1422002D9631 /* SwiftUIBootcampApp.swift */ = {isa = PBXFileReference; lastKnownFileType = sourcecode.swift; path = SwiftUIBootcampApp.swift; sourceTree = "<group>"; };
		6853D62D28EB1422002D9631 /* ContentView.swift */ = {isa = PBXFileReference; lastKnownFileType = sourcecode.swift; path = ContentView.swift; sourceTree = "<group>"; };
		6853D62F28EB1423002D9631 /* Assets.xcassets */ = {isa = PBXFileReference; lastKnownFileType = folder.assetcatalog; path = Assets.xcassets; sourceTree = "<group>"; };
		6853D63228EB1423002D9631 /* Preview Assets.xcassets */ = {isa = PBXFileReference; lastKnownFileType = folder.assetcatalog; path = "Preview Assets.xcassets"; sourceTree = "<group>"; };
		6853D63928EB17A3002D9631 /* TextBootcamp.swift */ = {isa = PBXFileReference; lastKnownFileType = sourcecode.swift; path = TextBootcamp.swift; sourceTree = "<group>"; };
		6853D63B28EB1CE5002D9631 /* ShapesBootcamp.swift */ = {isa = PBXFileReference; lastKnownFileType = sourcecode.swift; path = ShapesBootcamp.swift; sourceTree = "<group>"; };
		6853D63D28EBDB3C002D9631 /* ColorsBootcamp.swift */ = {isa = PBXFileReference; lastKnownFileType = sourcecode.swift; path = ColorsBootcamp.swift; sourceTree = "<group>"; };
		6853D63F28EBE1FD002D9631 /* GradientsBootcamp.swift */ = {isa = PBXFileReference; lastKnownFileType = sourcecode.swift; path = GradientsBootcamp.swift; sourceTree = "<group>"; };
		6853D64128EBFB2C002D9631 /* IconsBootcamp.swift */ = {isa = PBXFileReference; lastKnownFileType = sourcecode.swift; path = IconsBootcamp.swift; sourceTree = "<group>"; };
		6853D64328EBFF4C002D9631 /* ImageBootcamp.swift */ = {isa = PBXFileReference; lastKnownFileType = sourcecode.swift; path = ImageBootcamp.swift; sourceTree = "<group>"; };
		6853D64528EC02E8002D9631 /* FrameBootcamp.swift */ = {isa = PBXFileReference; lastKnownFileType = sourcecode.swift; path = FrameBootcamp.swift; sourceTree = "<group>"; };
		6853D64728EC12D6002D9631 /* BackgroundAndOverlayBootcamp.swift */ = {isa = PBXFileReference; lastKnownFileType = sourcecode.swift; path = BackgroundAndOverlayBootcamp.swift; sourceTree = "<group>"; };
		6853D64928EC2AD0002D9631 /* StacksBootcamp.swift */ = {isa = PBXFileReference; lastKnownFileType = sourcecode.swift; path = StacksBootcamp.swift; sourceTree = "<group>"; };
		6853D64B28EC4A59002D9631 /* PaddingBootcamp.swift */ = {isa = PBXFileReference; lastKnownFileType = sourcecode.swift; path = PaddingBootcamp.swift; sourceTree = "<group>"; };
		6853D64D28EC4F80002D9631 /* SpacerBootcamp.swift */ = {isa = PBXFileReference; lastKnownFileType = sourcecode.swift; path = SpacerBootcamp.swift; sourceTree = "<group>"; };
		6853D64F28ED063C002D9631 /* InitializerBootcamp.swift */ = {isa = PBXFileReference; lastKnownFileType = sourcecode.swift; path = InitializerBootcamp.swift; sourceTree = "<group>"; };
		6853D65128ED0D1C002D9631 /* ForEachBootcamp.swift */ = {isa = PBXFileReference; lastKnownFileType = sourcecode.swift; path = ForEachBootcamp.swift; sourceTree = "<group>"; };
		6853D65328ED133D002D9631 /* ScrollViewBootcamp.swift */ = {isa = PBXFileReference; lastKnownFileType = sourcecode.swift; path = ScrollViewBootcamp.swift; sourceTree = "<group>"; };
		6853D65528ED16E0002D9631 /* GridBootcamp.swift */ = {isa = PBXFileReference; lastKnownFileType = sourcecode.swift; path = GridBootcamp.swift; sourceTree = "<group>"; };
		6853D65728ED22F1002D9631 /* SafeAreaBootcamp.swift */ = {isa = PBXFileReference; lastKnownFileType = sourcecode.swift; path = SafeAreaBootcamp.swift; sourceTree = "<group>"; };
		6853D65928ED2B5B002D9631 /* ButtonsBootcamp.swift */ = {isa = PBXFileReference; lastKnownFileType = sourcecode.swift; path = ButtonsBootcamp.swift; sourceTree = "<group>"; };
		68B1904228ED4B9C00FF726E /* StateBootcamp.swift */ = {isa = PBXFileReference; lastKnownFileType = sourcecode.swift; path = StateBootcamp.swift; sourceTree = "<group>"; };
		68B1904428ED4E9B00FF726E /* ExtractedFunctionBootcamp.swift */ = {isa = PBXFileReference; lastKnownFileType = sourcecode.swift; path = ExtractedFunctionBootcamp.swift; sourceTree = "<group>"; };
		68B1904628ED56B400FF726E /* ExtractSubviewBootcamp.swift */ = {isa = PBXFileReference; lastKnownFileType = sourcecode.swift; path = ExtractSubviewBootcamp.swift; sourceTree = "<group>"; };
		68B1904828ED5C5000FF726E /* BindingBootcamp.swift */ = {isa = PBXFileReference; lastKnownFileType = sourcecode.swift; path = BindingBootcamp.swift; sourceTree = "<group>"; };
		68B1904A28ED69AC00FF726E /* ConditionalBootcamp.swift */ = {isa = PBXFileReference; lastKnownFileType = sourcecode.swift; path = ConditionalBootcamp.swift; sourceTree = "<group>"; };
		68B1904C28ED756A00FF726E /* TernaryBootcamp.swift */ = {isa = PBXFileReference; lastKnownFileType = sourcecode.swift; path = TernaryBootcamp.swift; sourceTree = "<group>"; };
		68B1904E28EDB73700FF726E /* AnimationBootcamp.swift */ = {isa = PBXFileReference; lastKnownFileType = sourcecode.swift; path = AnimationBootcamp.swift; sourceTree = "<group>"; };
		68B1905028EE504200FF726E /* AnimationTimingBootcamp.swift */ = {isa = PBXFileReference; lastKnownFileType = sourcecode.swift; path = AnimationTimingBootcamp.swift; sourceTree = "<group>"; };
		68B1905228EE600D00FF726E /* TransitionBootcamp.swift */ = {isa = PBXFileReference; lastKnownFileType = sourcecode.swift; path = TransitionBootcamp.swift; sourceTree = "<group>"; };
		68B1905428EE658000FF726E /* SheetsBootcamp.swift */ = {isa = PBXFileReference; lastKnownFileType = sourcecode.swift; path = SheetsBootcamp.swift; sourceTree = "<group>"; };
		68B1905628EE6DD800FF726E /* PopoverBootcamp.swift */ = {isa = PBXFileReference; lastKnownFileType = sourcecode.swift; path = PopoverBootcamp.swift; sourceTree = "<group>"; };
		68B1905828EE909100FF726E /* NavigationViewBootcamp.swift */ = {isa = PBXFileReference; lastKnownFileType = sourcecode.swift; path = NavigationViewBootcamp.swift; sourceTree = "<group>"; };
		68B1905A28EEA10700FF726E /* ListBootcamp.swift */ = {isa = PBXFileReference; lastKnownFileType = sourcecode.swift; path = ListBootcamp.swift; sourceTree = "<group>"; };
/* End PBXFileReference section */

/* Begin PBXFrameworksBuildPhase section */
		6853D62528EB1422002D9631 /* Frameworks */ = {
			isa = PBXFrameworksBuildPhase;
			buildActionMask = 2147483647;
			files = (
			);
			runOnlyForDeploymentPostprocessing = 0;
		};
/* End PBXFrameworksBuildPhase section */

/* Begin PBXGroup section */
		6853D61F28EB1422002D9631 = {
			isa = PBXGroup;
			children = (
				6853D62A28EB1422002D9631 /* SwiftUIBootcamp */,
				6853D62928EB1422002D9631 /* Products */,
			);
			sourceTree = "<group>";
		};
		6853D62928EB1422002D9631 /* Products */ = {
			isa = PBXGroup;
			children = (
				6853D62828EB1422002D9631 /* SwiftUIBootcamp.app */,
			);
			name = Products;
			sourceTree = "<group>";
		};
		6853D62A28EB1422002D9631 /* SwiftUIBootcamp */ = {
			isa = PBXGroup;
			children = (
				6853D62B28EB1422002D9631 /* SwiftUIBootcampApp.swift */,
				6853D62D28EB1422002D9631 /* ContentView.swift */,
				6853D63928EB17A3002D9631 /* TextBootcamp.swift */,
				6853D63B28EB1CE5002D9631 /* ShapesBootcamp.swift */,
				6853D63D28EBDB3C002D9631 /* ColorsBootcamp.swift */,
				6853D63F28EBE1FD002D9631 /* GradientsBootcamp.swift */,
				6853D64128EBFB2C002D9631 /* IconsBootcamp.swift */,
				6853D64328EBFF4C002D9631 /* ImageBootcamp.swift */,
				6853D64528EC02E8002D9631 /* FrameBootcamp.swift */,
				6853D64728EC12D6002D9631 /* BackgroundAndOverlayBootcamp.swift */,
				6853D64928EC2AD0002D9631 /* StacksBootcamp.swift */,
				6853D64B28EC4A59002D9631 /* PaddingBootcamp.swift */,
				6853D64D28EC4F80002D9631 /* SpacerBootcamp.swift */,
				6853D64F28ED063C002D9631 /* InitializerBootcamp.swift */,
				6853D65128ED0D1C002D9631 /* ForEachBootcamp.swift */,
				6853D65328ED133D002D9631 /* ScrollViewBootcamp.swift */,
				6853D65528ED16E0002D9631 /* GridBootcamp.swift */,
				6853D65728ED22F1002D9631 /* SafeAreaBootcamp.swift */,
				6853D65928ED2B5B002D9631 /* ButtonsBootcamp.swift */,
				68B1904228ED4B9C00FF726E /* StateBootcamp.swift */,
				68B1904428ED4E9B00FF726E /* ExtractedFunctionBootcamp.swift */,
				68B1904628ED56B400FF726E /* ExtractSubviewBootcamp.swift */,
				68B1904828ED5C5000FF726E /* BindingBootcamp.swift */,
				68B1904A28ED69AC00FF726E /* ConditionalBootcamp.swift */,
				68B1904C28ED756A00FF726E /* TernaryBootcamp.swift */,
				68B1904E28EDB73700FF726E /* AnimationBootcamp.swift */,
				68B1905028EE504200FF726E /* AnimationTimingBootcamp.swift */,
				68B1905228EE600D00FF726E /* TransitionBootcamp.swift */,
				68B1905428EE658000FF726E /* SheetsBootcamp.swift */,
				68B1905628EE6DD800FF726E /* PopoverBootcamp.swift */,
				68B1905828EE909100FF726E /* NavigationViewBootcamp.swift */,
				68B1905A28EEA10700FF726E /* ListBootcamp.swift */,
				684E1C9D28EEC20000A387F4 /* AlertBootcamp.swift */,
				684E1C9F28EFB79C00A387F4 /* ConfirmationDialog.swift */,
				6853D62F28EB1423002D9631 /* Assets.xcassets */,
				6853D63128EB1423002D9631 /* Preview Content */,
			);
			path = SwiftUIBootcamp;
			sourceTree = "<group>";
		};
		6853D63128EB1423002D9631 /* Preview Content */ = {
			isa = PBXGroup;
			children = (
				6853D63228EB1423002D9631 /* Preview Assets.xcassets */,
			);
			path = "Preview Content";
			sourceTree = "<group>";
		};
/* End PBXGroup section */

/* Begin PBXNativeTarget section */
		6853D62728EB1422002D9631 /* SwiftUIBootcamp */ = {
			isa = PBXNativeTarget;
			buildConfigurationList = 6853D63628EB1423002D9631 /* Build configuration list for PBXNativeTarget "SwiftUIBootcamp" */;
			buildPhases = (
				6853D62428EB1422002D9631 /* Sources */,
				6853D62528EB1422002D9631 /* Frameworks */,
				6853D62628EB1422002D9631 /* Resources */,
			);
			buildRules = (
			);
			dependencies = (
			);
			name = SwiftUIBootcamp;
			productName = SwiftUIBootcamp;
			productReference = 6853D62828EB1422002D9631 /* SwiftUIBootcamp.app */;
			productType = "com.apple.product-type.application";
		};
/* End PBXNativeTarget section */

/* Begin PBXProject section */
		6853D62028EB1422002D9631 /* Project object */ = {
			isa = PBXProject;
			attributes = {
				BuildIndependentTargetsInParallel = 1;
				LastSwiftUpdateCheck = 1400;
				LastUpgradeCheck = 1400;
				TargetAttributes = {
					6853D62728EB1422002D9631 = {
						CreatedOnToolsVersion = 14.0.1;
					};
				};
			};
			buildConfigurationList = 6853D62328EB1422002D9631 /* Build configuration list for PBXProject "SwiftUIBootcamp" */;
			compatibilityVersion = "Xcode 14.0";
			developmentRegion = en;
			hasScannedForEncodings = 0;
			knownRegions = (
				en,
				Base,
			);
			mainGroup = 6853D61F28EB1422002D9631;
			productRefGroup = 6853D62928EB1422002D9631 /* Products */;
			projectDirPath = "";
			projectRoot = "";
			targets = (
				6853D62728EB1422002D9631 /* SwiftUIBootcamp */,
			);
		};
/* End PBXProject section */

/* Begin PBXResourcesBuildPhase section */
		6853D62628EB1422002D9631 /* Resources */ = {
			isa = PBXResourcesBuildPhase;
			buildActionMask = 2147483647;
			files = (
				6853D63328EB1423002D9631 /* Preview Assets.xcassets in Resources */,
				6853D63028EB1423002D9631 /* Assets.xcassets in Resources */,
			);
			runOnlyForDeploymentPostprocessing = 0;
		};
/* End PBXResourcesBuildPhase section */

/* Begin PBXSourcesBuildPhase section */
		6853D62428EB1422002D9631 /* Sources */ = {
			isa = PBXSourcesBuildPhase;
			buildActionMask = 2147483647;
			files = (
				68B1905528EE658000FF726E /* SheetsBootcamp.swift in Sources */,
				68B1904328ED4B9C00FF726E /* StateBootcamp.swift in Sources */,
				6853D64828EC12D6002D9631 /* BackgroundAndOverlayBootcamp.swift in Sources */,
				68B1904728ED56B400FF726E /* ExtractSubviewBootcamp.swift in Sources */,
				6853D64028EBE1FD002D9631 /* GradientsBootcamp.swift in Sources */,
				6853D65428ED133D002D9631 /* ScrollViewBootcamp.swift in Sources */,
				6853D63E28EBDB3C002D9631 /* ColorsBootcamp.swift in Sources */,
				6853D64628EC02E8002D9631 /* FrameBootcamp.swift in Sources */,
				6853D63C28EB1CE5002D9631 /* ShapesBootcamp.swift in Sources */,
				6853D65028ED063C002D9631 /* InitializerBootcamp.swift in Sources */,
				6853D62E28EB1422002D9631 /* ContentView.swift in Sources */,
				68B1904D28ED756A00FF726E /* TernaryBootcamp.swift in Sources */,
				684E1C9E28EEC20000A387F4 /* AlertBootcamp.swift in Sources */,
				6853D65A28ED2B5B002D9631 /* ButtonsBootcamp.swift in Sources */,
				6853D65828ED22F1002D9631 /* SafeAreaBootcamp.swift in Sources */,
				68B1905128EE504200FF726E /* AnimationTimingBootcamp.swift in Sources */,
				6853D63A28EB17A3002D9631 /* TextBootcamp.swift in Sources */,
				6853D65228ED0D1C002D9631 /* ForEachBootcamp.swift in Sources */,
				6853D62C28EB1422002D9631 /* SwiftUIBootcampApp.swift in Sources */,
				6853D64C28EC4A59002D9631 /* PaddingBootcamp.swift in Sources */,
				6853D64A28EC2AD0002D9631 /* StacksBootcamp.swift in Sources */,
				68B1905328EE600D00FF726E /* TransitionBootcamp.swift in Sources */,
				6853D64E28EC4F80002D9631 /* SpacerBootcamp.swift in Sources */,
				68B1905728EE6DD800FF726E /* PopoverBootcamp.swift in Sources */,
				684E1CA028EFB79C00A387F4 /* ConfirmationDialog.swift in Sources */,
				68B1904928ED5C5000FF726E /* BindingBootcamp.swift in Sources */,
				6853D65628ED16E0002D9631 /* GridBootcamp.swift in Sources */,
				68B1904F28EDB73700FF726E /* AnimationBootcamp.swift in Sources */,
				6853D64428EBFF4C002D9631 /* ImageBootcamp.swift in Sources */,
				68B1905928EE909100FF726E /* NavigationViewBootcamp.swift in Sources */,
				68B1904B28ED69AC00FF726E /* ConditionalBootcamp.swift in Sources */,
				6853D64228EBFB2C002D9631 /* IconsBootcamp.swift in Sources */,
				68B1905B28EEA10700FF726E /* ListBootcamp.swift in Sources */,
				68B1904528ED4E9B00FF726E /* ExtractedFunctionBootcamp.swift in Sources */,
			);
			runOnlyForDeploymentPostprocessing = 0;
		};
/* End PBXSourcesBuildPhase section */

/* Begin XCBuildConfiguration section */
		6853D63428EB1423002D9631 /* Debug */ = {
			isa = XCBuildConfiguration;
			buildSettings = {
				ALWAYS_SEARCH_USER_PATHS = NO;
				CLANG_ANALYZER_NONNULL = YES;
				CLANG_ANALYZER_NUMBER_OBJECT_CONVERSION = YES_AGGRESSIVE;
				CLANG_CXX_LANGUAGE_STANDARD = "gnu++20";
				CLANG_ENABLE_MODULES = YES;
				CLANG_ENABLE_OBJC_ARC = YES;
				CLANG_ENABLE_OBJC_WEAK = YES;
				CLANG_WARN_BLOCK_CAPTURE_AUTORELEASING = YES;
				CLANG_WARN_BOOL_CONVERSION = YES;
				CLANG_WARN_COMMA = YES;
				CLANG_WARN_CONSTANT_CONVERSION = YES;
				CLANG_WARN_DEPRECATED_OBJC_IMPLEMENTATIONS = YES;
				CLANG_WARN_DIRECT_OBJC_ISA_USAGE = YES_ERROR;
				CLANG_WARN_DOCUMENTATION_COMMENTS = YES;
				CLANG_WARN_EMPTY_BODY = YES;
				CLANG_WARN_ENUM_CONVERSION = YES;
				CLANG_WARN_INFINITE_RECURSION = YES;
				CLANG_WARN_INT_CONVERSION = YES;
				CLANG_WARN_NON_LITERAL_NULL_CONVERSION = YES;
				CLANG_WARN_OBJC_IMPLICIT_RETAIN_SELF = YES;
				CLANG_WARN_OBJC_LITERAL_CONVERSION = YES;
				CLANG_WARN_OBJC_ROOT_CLASS = YES_ERROR;
				CLANG_WARN_QUOTED_INCLUDE_IN_FRAMEWORK_HEADER = YES;
				CLANG_WARN_RANGE_LOOP_ANALYSIS = YES;
				CLANG_WARN_STRICT_PROTOTYPES = YES;
				CLANG_WARN_SUSPICIOUS_MOVE = YES;
				CLANG_WARN_UNGUARDED_AVAILABILITY = YES_AGGRESSIVE;
				CLANG_WARN_UNREACHABLE_CODE = YES;
				CLANG_WARN__DUPLICATE_METHOD_MATCH = YES;
				COPY_PHASE_STRIP = NO;
				DEBUG_INFORMATION_FORMAT = dwarf;
				ENABLE_STRICT_OBJC_MSGSEND = YES;
				ENABLE_TESTABILITY = YES;
				GCC_C_LANGUAGE_STANDARD = gnu11;
				GCC_DYNAMIC_NO_PIC = NO;
				GCC_NO_COMMON_BLOCKS = YES;
				GCC_OPTIMIZATION_LEVEL = 0;
				GCC_PREPROCESSOR_DEFINITIONS = (
					"DEBUG=1",
					"$(inherited)",
				);
				GCC_WARN_64_TO_32_BIT_CONVERSION = YES;
				GCC_WARN_ABOUT_RETURN_TYPE = YES_ERROR;
				GCC_WARN_UNDECLARED_SELECTOR = YES;
				GCC_WARN_UNINITIALIZED_AUTOS = YES_AGGRESSIVE;
				GCC_WARN_UNUSED_FUNCTION = YES;
				GCC_WARN_UNUSED_VARIABLE = YES;
				IPHONEOS_DEPLOYMENT_TARGET = 16.0;
				MTL_ENABLE_DEBUG_INFO = INCLUDE_SOURCE;
				MTL_FAST_MATH = YES;
				ONLY_ACTIVE_ARCH = YES;
				SDKROOT = iphoneos;
				SWIFT_ACTIVE_COMPILATION_CONDITIONS = DEBUG;
				SWIFT_OPTIMIZATION_LEVEL = "-Onone";
			};
			name = Debug;
		};
		6853D63528EB1423002D9631 /* Release */ = {
			isa = XCBuildConfiguration;
			buildSettings = {
				ALWAYS_SEARCH_USER_PATHS = NO;
				CLANG_ANALYZER_NONNULL = YES;
				CLANG_ANALYZER_NUMBER_OBJECT_CONVERSION = YES_AGGRESSIVE;
				CLANG_CXX_LANGUAGE_STANDARD = "gnu++20";
				CLANG_ENABLE_MODULES = YES;
				CLANG_ENABLE_OBJC_ARC = YES;
				CLANG_ENABLE_OBJC_WEAK = YES;
				CLANG_WARN_BLOCK_CAPTURE_AUTORELEASING = YES;
				CLANG_WARN_BOOL_CONVERSION = YES;
				CLANG_WARN_COMMA = YES;
				CLANG_WARN_CONSTANT_CONVERSION = YES;
				CLANG_WARN_DEPRECATED_OBJC_IMPLEMENTATIONS = YES;
				CLANG_WARN_DIRECT_OBJC_ISA_USAGE = YES_ERROR;
				CLANG_WARN_DOCUMENTATION_COMMENTS = YES;
				CLANG_WARN_EMPTY_BODY = YES;
				CLANG_WARN_ENUM_CONVERSION = YES;
				CLANG_WARN_INFINITE_RECURSION = YES;
				CLANG_WARN_INT_CONVERSION = YES;
				CLANG_WARN_NON_LITERAL_NULL_CONVERSION = YES;
				CLANG_WARN_OBJC_IMPLICIT_RETAIN_SELF = YES;
				CLANG_WARN_OBJC_LITERAL_CONVERSION = YES;
				CLANG_WARN_OBJC_ROOT_CLASS = YES_ERROR;
				CLANG_WARN_QUOTED_INCLUDE_IN_FRAMEWORK_HEADER = YES;
				CLANG_WARN_RANGE_LOOP_ANALYSIS = YES;
				CLANG_WARN_STRICT_PROTOTYPES = YES;
				CLANG_WARN_SUSPICIOUS_MOVE = YES;
				CLANG_WARN_UNGUARDED_AVAILABILITY = YES_AGGRESSIVE;
				CLANG_WARN_UNREACHABLE_CODE = YES;
				CLANG_WARN__DUPLICATE_METHOD_MATCH = YES;
				COPY_PHASE_STRIP = NO;
				DEBUG_INFORMATION_FORMAT = "dwarf-with-dsym";
				ENABLE_NS_ASSERTIONS = NO;
				ENABLE_STRICT_OBJC_MSGSEND = YES;
				GCC_C_LANGUAGE_STANDARD = gnu11;
				GCC_NO_COMMON_BLOCKS = YES;
				GCC_WARN_64_TO_32_BIT_CONVERSION = YES;
				GCC_WARN_ABOUT_RETURN_TYPE = YES_ERROR;
				GCC_WARN_UNDECLARED_SELECTOR = YES;
				GCC_WARN_UNINITIALIZED_AUTOS = YES_AGGRESSIVE;
				GCC_WARN_UNUSED_FUNCTION = YES;
				GCC_WARN_UNUSED_VARIABLE = YES;
				IPHONEOS_DEPLOYMENT_TARGET = 16.0;
				MTL_ENABLE_DEBUG_INFO = NO;
				MTL_FAST_MATH = YES;
				SDKROOT = iphoneos;
				SWIFT_COMPILATION_MODE = wholemodule;
				SWIFT_OPTIMIZATION_LEVEL = "-O";
				VALIDATE_PRODUCT = YES;
			};
			name = Release;
		};
		6853D63728EB1423002D9631 /* Debug */ = {
			isa = XCBuildConfiguration;
			buildSettings = {
				ASSETCATALOG_COMPILER_APPICON_NAME = AppIcon;
				ASSETCATALOG_COMPILER_GLOBAL_ACCENT_COLOR_NAME = AccentColor;
				ASSETCATALOG_COMPILER_INCLUDE_ALL_APPICON_ASSETS = NO;
				CODE_SIGN_STYLE = Automatic;
				CURRENT_PROJECT_VERSION = 1;
				DEVELOPMENT_ASSET_PATHS = "\"SwiftUIBootcamp/Preview Content\"";
				DEVELOPMENT_TEAM = 39CM546LFY;
				ENABLE_PREVIEWS = YES;
				GENERATE_INFOPLIST_FILE = YES;
				INFOPLIST_KEY_CFBundleDisplayName = Bootcamp;
				INFOPLIST_KEY_UIApplicationSceneManifest_Generation = YES;
				INFOPLIST_KEY_UIApplicationSupportsIndirectInputEvents = YES;
				INFOPLIST_KEY_UILaunchScreen_Generation = YES;
				INFOPLIST_KEY_UISupportedInterfaceOrientations_iPad = "UIInterfaceOrientationPortrait UIInterfaceOrientationPortraitUpsideDown UIInterfaceOrientationLandscapeLeft UIInterfaceOrientationLandscapeRight";
				INFOPLIST_KEY_UISupportedInterfaceOrientations_iPhone = "UIInterfaceOrientationPortrait UIInterfaceOrientationLandscapeLeft UIInterfaceOrientationLandscapeRight";
				LD_RUNPATH_SEARCH_PATHS = (
					"$(inherited)",
					"@executable_path/Frameworks",
				);
				MARKETING_VERSION = 1.0;
				PRODUCT_BUNDLE_IDENTIFIER = com.project.SwiftUIBootcamp;
				PRODUCT_NAME = "$(TARGET_NAME)";
				SWIFT_EMIT_LOC_STRINGS = YES;
				SWIFT_VERSION = 5.0;
				TARGETED_DEVICE_FAMILY = "1,2";
			};
			name = Debug;
		};
		6853D63828EB1423002D9631 /* Release */ = {
			isa = XCBuildConfiguration;
			buildSettings = {
				ASSETCATALOG_COMPILER_APPICON_NAME = AppIcon;
				ASSETCATALOG_COMPILER_GLOBAL_ACCENT_COLOR_NAME = AccentColor;
				ASSETCATALOG_COMPILER_INCLUDE_ALL_APPICON_ASSETS = NO;
				CODE_SIGN_STYLE = Automatic;
				CURRENT_PROJECT_VERSION = 1;
				DEVELOPMENT_ASSET_PATHS = "\"SwiftUIBootcamp/Preview Content\"";
				DEVELOPMENT_TEAM = 39CM546LFY;
				ENABLE_PREVIEWS = YES;
				GENERATE_INFOPLIST_FILE = YES;
				INFOPLIST_KEY_CFBundleDisplayName = Bootcamp;
				INFOPLIST_KEY_UIApplicationSceneManifest_Generation = YES;
				INFOPLIST_KEY_UIApplicationSupportsIndirectInputEvents = YES;
				INFOPLIST_KEY_UILaunchScreen_Generation = YES;
				INFOPLIST_KEY_UISupportedInterfaceOrientations_iPad = "UIInterfaceOrientationPortrait UIInterfaceOrientationPortraitUpsideDown UIInterfaceOrientationLandscapeLeft UIInterfaceOrientationLandscapeRight";
				INFOPLIST_KEY_UISupportedInterfaceOrientations_iPhone = "UIInterfaceOrientationPortrait UIInterfaceOrientationLandscapeLeft UIInterfaceOrientationLandscapeRight";
				LD_RUNPATH_SEARCH_PATHS = (
					"$(inherited)",
					"@executable_path/Frameworks",
				);
				MARKETING_VERSION = 1.0;
				PRODUCT_BUNDLE_IDENTIFIER = com.project.SwiftUIBootcamp;
				PRODUCT_NAME = "$(TARGET_NAME)";
				SWIFT_EMIT_LOC_STRINGS = YES;
				SWIFT_VERSION = 5.0;
				TARGETED_DEVICE_FAMILY = "1,2";
			};
			name = Release;
		};
/* End XCBuildConfiguration section */

/* Begin XCConfigurationList section */
		6853D62328EB1422002D9631 /* Build configuration list for PBXProject "SwiftUIBootcamp" */ = {
			isa = XCConfigurationList;
			buildConfigurations = (
				6853D63428EB1423002D9631 /* Debug */,
				6853D63528EB1423002D9631 /* Release */,
			);
			defaultConfigurationIsVisible = 0;
			defaultConfigurationName = Release;
		};
		6853D63628EB1423002D9631 /* Build configuration list for PBXNativeTarget "SwiftUIBootcamp" */ = {
			isa = XCConfigurationList;
			buildConfigurations = (
				6853D63728EB1423002D9631 /* Debug */,
				6853D63828EB1423002D9631 /* Release */,
			);
			defaultConfigurationIsVisible = 0;
			defaultConfigurationName = Release;
		};
/* End XCConfigurationList section */
	};
	rootObject = 6853D62028EB1422002D9631 /* Project object */;
}
